
Microsoft Visual Studio Solution File, Format Version 12.00
# Visual Studio Version 16
VisualStudioVersion = 16.0.30804.86
MinimumVisualStudioVersion = 10.0.40219.1
Project("{9A19103F-16F7-4668-BE54-9A1E7A4F7556}") = "DataAccess", "DataAcces\DataAccess.csproj", "{97F4117D-647D-4F1D-823A-6D8E2B6C3EDA}"
EndProject
Project("{9A19103F-16F7-4668-BE54-9A1E7A4F7556}") = "Business", "Business\Business.csproj", "{A960E68C-F1BD-469B-8EA2-FA4F2D9D2DAB}"
EndProject
Project("{9A19103F-16F7-4668-BE54-9A1E7A4F7556}") = "Entities", "Entities\Entities.csproj", "{F4FBF55B-CCFF-4ECA-A3C0-CB97B31E1CC2}"
EndProject
Project("{9A19103F-16F7-4668-BE54-9A1E7A4F7556}") = "ConsoleUI", "ConsoleUI\ConsoleUI.csproj", "{CABFE576-1DE9-4033-8EA0-6AC1C5C0C720}"
EndProject
Project("{9A19103F-16F7-4668-BE54-9A1E7A4F7556}") = "Core", "Core\Core.csproj", "{500E8821-DD22-4C5C-884B-A2AD7389E4A0}"
EndProject
Global
	GlobalSection(SolutionConfigurationPlatforms) = preSolution
		Debug|Any CPU = Debug|Any CPU
		Release|Any CPU = Release|Any CPU
	EndGlobalSection
	GlobalSection(ProjectConfigurationPlatforms) = postSolution
		{97F4117D-647D-4F1D-823A-6D8E2B6C3EDA}.Debug|Any CPU.ActiveCfg = Debug|Any CPU
		{97F4117D-647D-4F1D-823A-6D8E2B6C3EDA}.Debug|Any CPU.Build.0 = Debug|Any CPU
		{97F4117D-647D-4F1D-823A-6D8E2B6C3EDA}.Release|Any CPU.ActiveCfg = Release|Any CPU
		{97F4117D-647D-4F1D-823A-6D8E2B6C3EDA}.Release|Any CPU.Build.0 = Release|Any CPU
		{A960E68C-F1BD-469B-8EA2-FA4F2D9D2DAB}.Debug|Any CPU.ActiveCfg = Debug|Any CPU
		{A960E68C-F1BD-469B-8EA2-FA4F2D9D2DAB}.Debug|Any CPU.Build.0 = Debug|Any CPU
		{A960E68C-F1BD-469B-8EA2-FA4F2D9D2DAB}.Release|Any CPU.ActiveCfg = Release|Any CPU
		{A960E68C-F1BD-469B-8EA2-FA4F2D9D2DAB}.Release|Any CPU.Build.0 = Release|Any CPU
		{F4FBF55B-CCFF-4ECA-A3C0-CB97B31E1CC2}.Debug|Any CPU.ActiveCfg = Debug|Any CPU
		{F4FBF55B-CCFF-4ECA-A3C0-CB97B31E1CC2}.Debug|Any CPU.Build.0 = Debug|Any CPU
		{F4FBF55B-CCFF-4ECA-A3C0-CB97B31E1CC2}.Release|Any CPU.ActiveCfg = Release|Any CPU
		{F4FBF55B-CCFF-4ECA-A3C0-CB97B31E1CC2}.Release|Any CPU.Build.0 = Release|Any CPU
		{CABFE576-1DE9-4033-8EA0-6AC1C5C0C720}.Debug|Any CPU.ActiveCfg = Debug|Any CPU
		{CABFE576-1DE9-4033-8EA0-6AC1C5C0C720}.Debug|Any CPU.Build.0 = Debug|Any CPU
		{CABFE576-1DE9-4033-8EA0-6AC1C5C0C720}.Release|Any CPU.ActiveCfg = Release|Any CPU
		{CABFE576-1DE9-4033-8EA0-6AC1C5C0C720}.Release|Any CPU.Build.0 = Release|Any CPU
		{500E8821-DD22-4C5C-884B-A2AD7389E4A0}.Debug|Any CPU.ActiveCfg = Debug|Any CPU
		{500E8821-DD22-4C5C-884B-A2AD7389E4A0}.Debug|Any CPU.Build.0 = Debug|Any CPU
		{500E8821-DD22-4C5C-884B-A2AD7389E4A0}.Release|Any CPU.ActiveCfg = Release|Any CPU
		{500E8821-DD22-4C5C-884B-A2AD7389E4A0}.Release|Any CPU.Build.0 = Release|Any CPU
	EndGlobalSection
	GlobalSection(SolutionProperties) = preSolution
		HideSolutionNode = FALSE
	EndGlobalSection
	GlobalSection(ExtensibilityGlobals) = postSolution
		SolutionGuid = {FC440C8F-03A0-4407-AB15-1D1485AB08C3}
	EndGlobalSection
EndGlobal
